
Microsoft Visual Studio Solution File, Format Version 12.00
# Visual Studio 14
VisualStudioVersion = 14.0.23107.0
MinimumVisualStudioVersion = 10.0.40219.1
Project("{FAE04EC0-301F-11D3-BF4B-00C04F79EFBC}") = "Web_dje", "Web_dje\Web_dje.csproj", "{DB427DCB-70E8-4F86-8BDD-16753F75C56C}"
EndProject
Project("{FAE04EC0-301F-11D3-BF4B-00C04F79EFBC}") = "Web_dje.Tests", "Web_dje.Tests\Web_dje.Tests.csproj", "{B5EFBA15-DE1A-4D2E-9E7E-D915F9C72BCF}"
EndProject
Global
	GlobalSection(SolutionConfigurationPlatforms) = preSolution
		Debug|Any CPU = Debug|Any CPU
		Release|Any CPU = Release|Any CPU
	EndGlobalSection
	GlobalSection(ProjectConfigurationPlatforms) = postSolution
		{DB427DCB-70E8-4F86-8BDD-16753F75C56C}.Debug|Any CPU.ActiveCfg = Debug|Any CPU
		{DB427DCB-70E8-4F86-8BDD-16753F75C56C}.Debug|Any CPU.Build.0 = Debug|Any CPU
		{DB427DCB-70E8-4F86-8BDD-16753F75C56C}.Release|Any CPU.ActiveCfg = Release|Any CPU
		{DB427DCB-70E8-4F86-8BDD-16753F75C56C}.Release|Any CPU.Build.0 = Release|Any CPU
		{B5EFBA15-DE1A-4D2E-9E7E-D915F9C72BCF}.Debug|Any CPU.ActiveCfg = Debug|Any CPU
		{B5EFBA15-DE1A-4D2E-9E7E-D915F9C72BCF}.Debug|Any CPU.Build.0 = Debug|Any CPU
		{B5EFBA15-DE1A-4D2E-9E7E-D915F9C72BCF}.Release|Any CPU.ActiveCfg = Release|Any CPU
		{B5EFBA15-DE1A-4D2E-9E7E-D915F9C72BCF}.Release|Any CPU.Build.0 = Release|Any CPU
	EndGlobalSection
	GlobalSection(SolutionProperties) = preSolution
		HideSolutionNode = FALSE
	EndGlobalSection
EndGlobal
